
Microsoft Visual Studio Solution File, Format Version 12.00
# Visual Studio Version 17
VisualStudioVersion = 17.12.35707.178 d17.12
MinimumVisualStudioVersion = 10.0.40219.1
Project("{FAE04EC0-301F-11D3-BF4B-00C04F79EFBC}") = "sara_coursework", "sara_coursework.csproj", "{68125D92-2639-4364-AB5B-37938C090BEB}"
EndProject
Global
	GlobalSection(SolutionConfigurationPlatforms) = preSolution
		Debug|Any CPU = Debug|Any CPU
		Release|Any CPU = Release|Any CPU
	EndGlobalSection
	GlobalSection(ProjectConfigurationPlatforms) = postSolution
		{68125D92-2639-4364-AB5B-37938C090BEB}.Debug|Any CPU.ActiveCfg = Debug|Any CPU
		{68125D92-2639-4364-AB5B-37938C090BEB}.Debug|Any CPU.Build.0 = Debug|Any CPU
		{68125D92-2639-4364-AB5B-37938C090BEB}.Release|Any CPU.ActiveCfg = Release|Any CPU
		{68125D92-2639-4364-AB5B-37938C090BEB}.Release|Any CPU.Build.0 = Release|Any CPU
	EndGlobalSection
	GlobalSection(SolutionProperties) = preSolution
		HideSolutionNode = FALSE
	EndGlobalSection
EndGlobal
